
Microsoft Visual Studio Solution File, Format Version 12.00
# Visual Studio Version 17
VisualStudioVersion = 17.11.35303.130
MinimumVisualStudioVersion = 10.0.40219.1
Project("{8BC9CEB8-8B4A-11D0-8D11-00A0C91BC942}") = "lab7.1 rek", "lab7.1 rek.vcxproj", "{84D43584-311F-498D-8E2F-A86AF581825A}"
EndProject
Project("{8BC9CEB8-8B4A-11D0-8D11-00A0C91BC942}") = "UnitTest7.1 rek", "..\UnitTest7.1 rek\UnitTest7.1 rek.vcxproj", "{CEDE41AF-4F20-41CB-B151-4209F8E46D08}"
EndProject
Global
	GlobalSection(SolutionConfigurationPlatforms) = preSolution
		Debug|x64 = Debug|x64
		Debug|x86 = Debug|x86
		Release|x64 = Release|x64
		Release|x86 = Release|x86
	EndGlobalSection
	GlobalSection(ProjectConfigurationPlatforms) = postSolution
		{84D43584-311F-498D-8E2F-A86AF581825A}.Debug|x64.ActiveCfg = Debug|x64
		{84D43584-311F-498D-8E2F-A86AF581825A}.Debug|x64.Build.0 = Debug|x64
		{84D43584-311F-498D-8E2F-A86AF581825A}.Debug|x86.ActiveCfg = Debug|Win32
		{84D43584-311F-498D-8E2F-A86AF581825A}.Debug|x86.Build.0 = Debug|Win32
		{84D43584-311F-498D-8E2F-A86AF581825A}.Release|x64.ActiveCfg = Release|x64
		{84D43584-311F-498D-8E2F-A86AF581825A}.Release|x64.Build.0 = Release|x64
		{84D43584-311F-498D-8E2F-A86AF581825A}.Release|x86.ActiveCfg = Release|Win32
		{84D43584-311F-498D-8E2F-A86AF581825A}.Release|x86.Build.0 = Release|Win32
		{CEDE41AF-4F20-41CB-B151-4209F8E46D08}.Debug|x64.ActiveCfg = Debug|x64
		{CEDE41AF-4F20-41CB-B151-4209F8E46D08}.Debug|x64.Build.0 = Debug|x64
		{CEDE41AF-4F20-41CB-B151-4209F8E46D08}.Debug|x86.ActiveCfg = Debug|Win32
		{CEDE41AF-4F20-41CB-B151-4209F8E46D08}.Debug|x86.Build.0 = Debug|Win32
		{CEDE41AF-4F20-41CB-B151-4209F8E46D08}.Release|x64.ActiveCfg = Release|x64
		{CEDE41AF-4F20-41CB-B151-4209F8E46D08}.Release|x64.Build.0 = Release|x64
		{CEDE41AF-4F20-41CB-B151-4209F8E46D08}.Release|x86.ActiveCfg = Release|Win32
		{CEDE41AF-4F20-41CB-B151-4209F8E46D08}.Release|x86.Build.0 = Release|Win32
	EndGlobalSection
	GlobalSection(SolutionProperties) = preSolution
		HideSolutionNode = FALSE
	EndGlobalSection
	GlobalSection(ExtensibilityGlobals) = postSolution
		SolutionGuid = {006F5E46-AF7A-43BF-AB2A-32536954EF66}
	EndGlobalSection
EndGlobal
